{
  "version": "5",
  "specifiers": {
    "npm:@digibear/tags@1.0.0": "1.0.0",
    "npm:@electric-sql/pglite@~0.5.2": "0.5.4",
    "npm:@nicia-ai/typegraph@0.31": "0.31.0_@electric-sql+pglite@0.5.4_drizzle-orm@0.45.2__@electric-sql+pglite@0.5.4_zod@4.4.3",
    "npm:@ursamu/parser@1.2.4": "1.2.4",
    "npm:bcryptjs@2.4.3": "2.4.3",
    "npm:fflate@0.8.2": "0.8.2",
    "npm:imagescript@1.3.0": "1.3.0",
    "npm:lodash@^4.18.1": "4.18.1",
    "npm:quickjs-emscripten@0.29.0": "0.29.0",
    "npm:tweetnacl@1.0.3": "1.0.3",
    "npm:zod@^4.4.3": "4.4.3"
  },
  "npm": {
    "@digibear/tags@1.0.0": {
      "integrity": "sha512-WyNr8pR6B0NlN1mA6PD9JYSwvT5RoYKu1w3w6Q327qA9cqTZlhdBxlywXMTiHmDzVs4b90RmgCCwy+sxpobNSQ=="
    },
    "@electric-sql/pglite@0.5.4": {
      "integrity": "sha512-yYZUyyXrHU7tPlCjwZQJ6hIG9DscdCCn7Uk0mYKwC1FeHX286AbcmFveMiRBEak8e9iPupjsoVImN3yJZVed2g=="
    },
    "@jitl/quickjs-ffi-types@0.29.0": {
      "integrity": "sha512-MJgGUq4gQ6UuzEMFMNJuSsfKJrQs5cjqm/Sd0dwqVKs3lxyLeWjfGfbVakffnjuiRZzej/QzkDJP4HYNMzT8AQ=="
    },
    "@jitl/quickjs-wasmfile-debug-asyncify@0.29.0": {
      "integrity": "sha512-RYJk2axlI1GB/pLKF77LEJv3t7NsbdFLLrVMc5w0rUMVjtKvD1fwU8V2FRFVs9XLLkCPHO1mBmyDOyei0hJF1w==",
      "dependencies": [
        "@jitl/quickjs-ffi-types"
      ]
    },
    "@jitl/quickjs-wasmfile-debug-sync@0.29.0": {
      "integrity": "sha512-LcfwataXeD/S+/WmdoYWuUUy/AX9S/I6rlU4ry5dUayMfhg6SnCjmLDCuLTHfh2WXkolPPemW/4aXgVxPt4qGQ==",
      "dependencies": [
        "@jitl/quickjs-ffi-types"
      ]
    },
    "@jitl/quickjs-wasmfile-release-asyncify@0.29.0": {
      "integrity": "sha512-3wHJ6Q+CQpxK1zDQtFMVi99S2z1n3qpUGmf7CrTw3x7qkBr7ZNKvJJ6aEXvzqfJDYKN//3qbYotUjJk1kiDXXg==",
      "dependencies": [
        "@jitl/quickjs-ffi-types"
      ]
    },
    "@jitl/quickjs-wasmfile-release-sync@0.29.0": {
      "integrity": "sha512-Lo2+wwir9+dSmlDz5zcilUeMPUtV5dAaWjm6b0vC9BXhMhDYPeQiIvbvMYqaRlfwod/y+wvJXX1QweO8rhHbJg==",
      "dependencies": [
        "@jitl/quickjs-ffi-types"
      ]
    },
    "@nicia-ai/typegraph@0.31.0_@electric-sql+pglite@0.5.4_drizzle-orm@0.45.2__@electric-sql+pglite@0.5.4_zod@4.4.3": {
      "integrity": "sha512-BvfFHiBBlDwuNELkhlyqzkVmFl3dHsxSV3SXiexsCe6IIvOL0edAdKtWB4GTSs4o8amVLNOpRm5gw6csEcZ+fA==",
      "dependencies": [
        "@electric-sql/pglite",
        "drizzle-orm",
        "nanoid",
        "zod"
      ],
      "optionalPeers": [
        "@electric-sql/pglite"
      ]
    },
    "@ursamu/parser@1.2.4": {
      "integrity": "sha512-DFAdy/9Dz+LMh5EPspOLQZR0ysqncpt3c8tAAXHUg7mzmzJwK0UMmTkQt4LyZlUR2YRREmxtwt74kazdiJDbuA==",
      "dependencies": [
        "pegjs"
      ]
    },
    "bcryptjs@2.4.3": {
      "integrity": "sha512-V/Hy/X9Vt7f3BbPJEi8BdVFMByHi+jNXrYkW3huaybV/kQ0KJg0Y6PkEMbn+zeT+i+SiKZ/HMqJGIIt4LZDqNQ=="
    },
    "drizzle-orm@0.45.2_@electric-sql+pglite@0.5.4": {
      "integrity": "sha512-kY0BSaTNYWnoDMVoyY8uxmyHjpJW1geOmBMdSSicKo9CIIWkSxMIj2rkeSR51b8KAPB7m+qysjuHme5nKP+E5Q==",
      "dependencies": [
        "@electric-sql/pglite"
      ],
      "optionalPeers": [
        "@electric-sql/pglite"
      ]
    },
    "fflate@0.8.2": {
      "integrity": "sha512-cPJU47OaAoCbg0pBvzsgpTPhmhqI5eJjh/JIu8tPj5q+T7iLvW/JAYUqmE7KOB4R1ZyEhzBaIQpQpardBF5z8A=="
    },
    "imagescript@1.3.0": {
      "integrity": "sha512-lCYzQrWzdnA68K03oMj/BUlBJrVBnslzDOgGFymAp49NmdGEJxGeN7sHh5mCva0nQkq+kkKSuru2zLf1m04+3A=="
    },
    "lodash@4.18.1": {
      "integrity": "sha512-dMInicTPVE8d1e5otfwmmjlxkZoUpiVLwyeTdUsi/Caj/gfzzblBcCE5sRHV/AsjuCmxWrte2TNGSYuCeCq+0Q=="
    },
    "nanoid@5.1.16": {
      "integrity": "sha512-kVrnsrJqMR8+oLJnGEmSWw9BivK5mt7H3FZatVRjrc5wGqFYuBxX1yG7+A7Gi5AefkX6t/oCkizcQgpu0cY1dQ==",
      "bin": true
    },
    "pegjs@0.10.0": {
      "integrity": "sha512-qI5+oFNEGi3L5HAxDwN2LA4Gg7irF70Zs25edhjld9QemOgp0CbvMtbFcMvFtEo1OityPrcCzkQFB8JP/hxgow==",
      "bin": true
    },
    "quickjs-emscripten-core@0.29.0": {
      "integrity": "sha512-1g9ufaiH7FaZ5sF5qkMZrAI4yMAtvmBmt7e9TywIBGWgL2AYNkwwtx8lqKIwZbPHq0jybCZdZ71QYiBc916Suw==",
      "dependencies": [
        "@jitl/quickjs-ffi-types"
      ]
    },
    "quickjs-emscripten@0.29.0": {
      "integrity": "sha512-jXzbZIe7/Aqvue455Xu8ecaI6FzSRm28rBSO/4EwgakEV9ub5vF2VG7svrt4LxDL77JkXVQ0brn8Uxis7r78ng==",
      "dependencies": [
        "@jitl/quickjs-wasmfile-debug-asyncify",
        "@jitl/quickjs-wasmfile-debug-sync",
        "@jitl/quickjs-wasmfile-release-asyncify",
        "@jitl/quickjs-wasmfile-release-sync",
        "quickjs-emscripten-core"
      ]
    },
    "tweetnacl@1.0.3": {
      "integrity": "sha512-6rt+RN7aOi1nGMyC4Xa5DdYiukl2UWCbcJft7YhxReBGQD7OAM8Pbxw6YMo4r2diNEA8FEmu32YOn9rhaiE5yw=="
    },
    "zod@4.4.3": {
      "integrity": "sha512-ytENFjIJFl2UwYglde2jchW2Hwm4GJFLDiSXWdTrJQBIN9Fcyp7n4DhxJEiWNAJMV1/BqWfW/kkg71UDcHJyTQ=="
    }
  },
  "workspace": {
    "dependencies": [
      "jsr:@std/assert@0.224",
      "jsr:@std/dotenv@0.224",
      "jsr:@std/flags@0.224",
      "jsr:@std/fmt@0.224",
      "jsr:@std/fs@0.224",
      "jsr:@std/path@0.224",
      "jsr:@std/semver@1",
      "jsr:@std/testing@^1.0.17",
      "jsr:@ursamu/bbs@1.1.2",
      "jsr:@ursamu/bbs@^1.1.2",
      "jsr:@ursamu/builder@1.3.8",
      "jsr:@ursamu/builder@^1.3.7",
      "jsr:@ursamu/combat@0.8.1",
      "jsr:@ursamu/core@1.0.2",
      "jsr:@ursamu/core@^1.0.1",
      "jsr:@ursamu/discord@1",
      "jsr:@ursamu/discord@1.0.0",
      "jsr:@ursamu/jobs@1.1.3",
      "jsr:@ursamu/jobs@^1.1.3",
      "jsr:@ursamu/lang-plugin@3.1.1",
      "jsr:@ursamu/mail@^2.6.0",
      "jsr:@ursamu/mush@1.0.33",
      "jsr:@ursamu/mushcode@0.7.0",
      "jsr:@zaubrik/djwt@^3.0.2",
      "npm:@digibear/tags@1.0.0",
      "npm:@electric-sql/pglite@~0.5.2",
      "npm:@nicia-ai/typegraph@0.31",
      "npm:@ursamu/parser@1.2.4",
      "npm:bcryptjs@2.4.3",
      "npm:imagescript@1.3.0",
      "npm:lodash@^4.18.1",
      "npm:quickjs-emscripten@0.29.0",
      "npm:tweetnacl@1.0.3",
      "npm:zod@^4.4.3"
    ],
    "links": {
      "jsr:@ursamu/channels@1.1.0": {
        "dependencies": [
          "jsr:@std/assert@0.224",
          "jsr:@ursamu/core@1",
          "jsr:@ursamu/help@~0.1.9",
          "jsr:@ursamu/mush@1"
        ]
      },
      "jsr:@ursamu/cofd-plugin@1.4.0": {
        "dependencies": [
          "jsr:@std/assert@0.224",
          "jsr:@std/dotenv@0.224",
          "jsr:@std/flags@0.224",
          "jsr:@std/fmt@0.224",
          "jsr:@std/fs@0.224",
          "jsr:@std/path@0.224",
          "jsr:@std/semver@1",
          "jsr:@std/testing@0.224",
          "jsr:@ursamu/combat@0.8",
          "jsr:@ursamu/core@1",
          "jsr:@ursamu/help@1",
          "jsr:@ursamu/jobs@1",
          "jsr:@ursamu/mail@^2.5.0",
          "jsr:@ursamu/mush@1",
          "jsr:@ursamu/mushcode@0.7",
          "jsr:@zaubrik/djwt@^3.0.2",
          "npm:@digibear/tags@1.0.0",
          "npm:@ursamu/parser@1.2.4",
          "npm:bcryptjs@2.4.3",
          "npm:quickjs-emscripten@0.29.0"
        ]
      },
      "jsr:@ursamu/help@1.2.0": {
        "dependencies": [
          "jsr:@std/assert@0.224",
          "jsr:@std/path@0.224",
          "jsr:@std/testing@^1.0.17",
          "jsr:@ursamu/mush@1"
        ]
      },
      "jsr:@ursamu/mail@2.7.0": {
        "dependencies": [
          "jsr:@std/assert@0.224",
          "jsr:@std/testing@^1.0.17",
          "jsr:@ursamu/core@1",
          "jsr:@ursamu/help@1",
          "jsr:@ursamu/mush@1"
        ]
      },
      "jsr:@ursamu/site@0.1.78": {
        "dependencies": [
          "jsr:@std/assert@1",
          "jsr:@std/flags@0.224",
          "jsr:@std/fs@0.224",
          "jsr:@std/path@0.224",
          "jsr:@ursamu/mush@^1.0.4",
          "npm:fflate@0.8.2"
        ]
      },
      "jsr:@ursamu/web@0.2.73": {
        "dependencies": [
          "jsr:@std/assert@0.224",
          "jsr:@std/path@0.224",
          "jsr:@ursamu/jobs@^1.1.2",
          "jsr:@ursamu/mush@1",
          "jsr:@ursamu/site@~0.1.5",
          "jsr:@ursamu/wiki@~0.2.2"
        ]
      },
      "jsr:@ursamu/wiki@0.2.9": {
        "dependencies": [
          "jsr:@std/assert@0.224",
          "jsr:@std/fs@0.224",
          "jsr:@std/path@0.224",
          "jsr:@ursamu/mush@1",
          "npm:imagescript@1.3.0"
        ]
      }
    }
  }
}
